<?xml version="1.0" encoding="utf-8"?>
<Project ToolsVersion="4.0" xmlns="http://schemas.microsoft.com/developer/msbuild/2003">
  <ItemGroup>
    <Filter Include="Source Files">
      <UniqueIdentifier>{4FC737F1-C7A5-4376-A066-2A32D752A2FF}</UniqueIdentifier>
      <Extensions>cpp;c;cc;cxx;def;odl;idl;hpj;bat;asm;asmx</Extensions>
    </Filter>
    <Filter Include="Header Files">
      <UniqueIdentifier>{93995380-89BD-4b04-88EB-625FBE52EBFB}</UniqueIdentifier>
      <Extensions>h;hpp;hxx;hm;inl;inc;xsd</Extensions>
    </Filter>
    <Filter Include="Resource Files">
      <UniqueIdentifier>{67DA6AB6-F800-4c08-8B7A-83BB121AAD01}</UniqueIdentifier>
      <Extensions>rc;ico;cur;bmp;dlg;rc2;rct;bin;rgs;gif;jpg;jpeg;jpe;resx;tiff;tif;png;wav;mfcribbon-ms</Extensions>
    </Filter>
  </ItemGroup>
  <ItemGroup>
    <ClInclude Include="esdl.h">
      <Filter>Header Files</Filter>
    </ClInclude>
    <ClInclude Include="individuals\real_fixed.h">
      <Filter>Header Files</Filter>
    </ClInclude>
    <ClInclude Include="individuals\real_variable.h">
      <Filter>Header Files</Filter>
    </ClInclude>
    <ClInclude Include="individuals\int_fixed.h">
      <Filter>Header Files</Filter>
    </ClInclude>
    <ClInclude Include="individuals\int_variable.h">
      <Filter>Header Files</Filter>
    </ClInclude>
    <ClInclude Include="individuals\individuals.h">
      <Filter>Header Files</Filter>
    </ClInclude>
    <ClInclude Include="utility.h">
      <Filter>Header Files</Filter>
    </ClInclude>
    <ClInclude Include="individuals\real_fixed_generators.h">
      <Filter>Header Files</Filter>
    </ClInclude>
    <ClInclude Include="output.h">
      <Filter>Header Files</Filter>
    </ClInclude>
    <ClInclude Include="statistics.h">
      <Filter>Header Files</Filter>
    </ClInclude>
    <ClInclude Include="rng.h">
      <Filter>Header Files</Filter>
    </ClInclude>
    <ClInclude Include="operators\mutate_random.h">
      <Filter>Header Files</Filter>
    </ClInclude>
    <ClInclude Include="operators\merge.h">
      <Filter>Header Files</Filter>
    </ClInclude>
    <ClInclude Include="operators\mutate_delta.h">
      <Filter>Header Files</Filter>
    </ClInclude>
    <ClInclude Include="operators\mutate_gaussian.h">
      <Filter>Header Files</Filter>
    </ClInclude>
    <ClInclude Include="individuals\int_fixed_generators.h">
      <Filter>Header Files</Filter>
    </ClInclude>
    <ClInclude Include="operators\unique.h">
      <Filter>Header Files</Filter>
    </ClInclude>
    <ClInclude Include="joiners\tuples.h">
      <Filter>Header Files</Filter>
    </ClInclude>
    <ClInclude Include="joiners\random_tuples.h">
      <Filter>Header Files</Filter>
    </ClInclude>
    <ClInclude Include="operators\best_of_tuple.h">
      <Filter>Header Files</Filter>
    </ClInclude>
    <ClInclude Include="individuals\joined_individuals.h">
      <Filter>Header Files</Filter>
    </ClInclude>
    <ClInclude Include="operators\repeated.h">
      <Filter>Header Files</Filter>
    </ClInclude>
    <ClInclude Include="command_line.h">
      <Filter>Header Files</Filter>
    </ClInclude>
    <ClInclude Include="selectors\fitness_sus.h">
      <Filter>Header Files</Filter>
    </ClInclude>
    <ClInclude Include="operators\crossover_tuple.h">
      <Filter>Header Files</Filter>
    </ClInclude>
    <ClInclude Include="selectors\uniform_random.h">
      <Filter>Header Files</Filter>
    </ClInclude>
    <ClInclude Include="cvmarkers.h">
      <Filter>Header Files</Filter>
    </ClInclude>
    <ClInclude Include="selectors\best.h">
      <Filter>Header Files</Filter>
    </ClInclude>
    <ClInclude Include="sort.h">
      <Filter>Header Files</Filter>
    </ClInclude>
    <ClInclude Include="individuals\groups.h">
      <Filter>Header Files</Filter>
    </ClInclude>
  </ItemGroup>
  <ItemGroup>
    <ClCompile Include="rng.cpp">
      <Filter>Source Files</Filter>
    </ClCompile>
    <ClCompile Include="utility.cpp">
      <Filter>Source Files</Filter>
    </ClCompile>
  </ItemGroup>
</Project>